
Microsoft Visual Studio Solution File, Format Version 12.00
# Visual Studio Version 17
VisualStudioVersion = 17.12.35527.113
MinimumVisualStudioVersion = 10.0.40219.1
Project("{2150E333-8FDC-42A3-9474-1A3956D46DE8}") = "BookingService", "BookingService", "{8F6C2E09-ABBA-412C-8108-6B13E2835DD3}"
EndProject
Project("{2150E333-8FDC-42A3-9474-1A3956D46DE8}") = "PaymentService", "PaymentService", "{22F23A31-6499-4379-8D9F-6A26F48BCD66}"
EndProject
Project("{2150E333-8FDC-42A3-9474-1A3956D46DE8}") = "Core", "Core", "{40B49E07-D5C4-4052-8451-38144E65C426}"
EndProject
Project("{2150E333-8FDC-42A3-9474-1A3956D46DE8}") = "Domain", "Domain", "{E0D4FD73-AAA8-4C95-AC25-1FA1B0439E60}"
EndProject
Project("{2150E333-8FDC-42A3-9474-1A3956D46DE8}") = "Application", "Application", "{1D18D66B-DE17-499E-8AB0-6693CA20C976}"
EndProject
Project("{2150E333-8FDC-42A3-9474-1A3956D46DE8}") = "Adapters", "Adapters", "{8A76B868-2C42-44E6-8089-B3C3F99ED24B}"
EndProject
Project("{2150E333-8FDC-42A3-9474-1A3956D46DE8}") = "Consumers", "Consumers", "{E617E756-B5D5-43A9-A274-F0AB10810785}"
EndProject
Project("{2150E333-8FDC-42A3-9474-1A3956D46DE8}") = "Tests", "Tests", "{D5236E98-9D78-42E7-B056-BC9E7C01E4C4}"
EndProject
Project("{2150E333-8FDC-42A3-9474-1A3956D46DE8}") = "Domain", "Domain", "{D45C91A1-30E1-4669-AEBA-039681924AF0}"
EndProject
Project("{2150E333-8FDC-42A3-9474-1A3956D46DE8}") = "Application", "Application", "{7BA2202A-3B3F-434A-AB78-04ABA3E45C46}"
EndProject
Project("{2150E333-8FDC-42A3-9474-1A3956D46DE8}") = "Adapters", "Adapters", "{3A2D0307-4996-470A-9B66-187E949E2691}"
EndProject
Project("{FAE04EC0-301F-11D3-BF4B-00C04F79EFBC}") = "DomainTests", "BookingService\Tests\Domain\DomainTests\DomainTests.csproj", "{EC5CE1B0-49C3-4342-86F0-717180A4795A}"
EndProject
Project("{FAE04EC0-301F-11D3-BF4B-00C04F79EFBC}") = "AdaptersTests", "BookingService\Tests\Adapters\AdaptersTests\AdaptersTests.csproj", "{EAFEB6E4-EED4-4116-ABA3-11D94549A1A9}"
EndProject
Project("{FAE04EC0-301F-11D3-BF4B-00C04F79EFBC}") = "Api", "BookingService\Consumers\Api\Api.csproj", "{A108F00B-15A6-467F-B4A2-54FAD9D183B5}"
EndProject
Project("{FAE04EC0-301F-11D3-BF4B-00C04F79EFBC}") = "Data", "BookingService\Adapters\Data\Data.csproj", "{BEB86606-F69D-4667-B8FC-F24CBFF85B0B}"
EndProject
Project("{FAE04EC0-301F-11D3-BF4B-00C04F79EFBC}") = "Application", "BookingService\Core\Application\Application.csproj", "{2B11942D-5545-4628-B3BD-FE60DF8B2E9E}"
EndProject
Project("{FAE04EC0-301F-11D3-BF4B-00C04F79EFBC}") = "Domain", "BookingService\Core\Domain\Domain.csproj", "{FBC448E0-2E3C-47C6-A776-938D7BE65792}"
EndProject
Project("{FAE04EC0-301F-11D3-BF4B-00C04F79EFBC}") = "ApplicationTests", "BookingService\Tests\Application\ApplicationTests\ApplicationTests\ApplicationTests.csproj", "{8926AACB-69E8-4C04-B50D-728297267574}"
EndProject
Global
	GlobalSection(SolutionConfigurationPlatforms) = preSolution
		Debug|Any CPU = Debug|Any CPU
		Release|Any CPU = Release|Any CPU
	EndGlobalSection
	GlobalSection(ProjectConfigurationPlatforms) = postSolution
		{EC5CE1B0-49C3-4342-86F0-717180A4795A}.Debug|Any CPU.ActiveCfg = Debug|Any CPU
		{EC5CE1B0-49C3-4342-86F0-717180A4795A}.Debug|Any CPU.Build.0 = Debug|Any CPU
		{EC5CE1B0-49C3-4342-86F0-717180A4795A}.Release|Any CPU.ActiveCfg = Release|Any CPU
		{EC5CE1B0-49C3-4342-86F0-717180A4795A}.Release|Any CPU.Build.0 = Release|Any CPU
		{EAFEB6E4-EED4-4116-ABA3-11D94549A1A9}.Debug|Any CPU.ActiveCfg = Debug|Any CPU
		{EAFEB6E4-EED4-4116-ABA3-11D94549A1A9}.Debug|Any CPU.Build.0 = Debug|Any CPU
		{EAFEB6E4-EED4-4116-ABA3-11D94549A1A9}.Release|Any CPU.ActiveCfg = Release|Any CPU
		{EAFEB6E4-EED4-4116-ABA3-11D94549A1A9}.Release|Any CPU.Build.0 = Release|Any CPU
		{A108F00B-15A6-467F-B4A2-54FAD9D183B5}.Debug|Any CPU.ActiveCfg = Debug|Any CPU
		{A108F00B-15A6-467F-B4A2-54FAD9D183B5}.Debug|Any CPU.Build.0 = Debug|Any CPU
		{A108F00B-15A6-467F-B4A2-54FAD9D183B5}.Release|Any CPU.ActiveCfg = Release|Any CPU
		{A108F00B-15A6-467F-B4A2-54FAD9D183B5}.Release|Any CPU.Build.0 = Release|Any CPU
		{BEB86606-F69D-4667-B8FC-F24CBFF85B0B}.Debug|Any CPU.ActiveCfg = Debug|Any CPU
		{BEB86606-F69D-4667-B8FC-F24CBFF85B0B}.Debug|Any CPU.Build.0 = Debug|Any CPU
		{BEB86606-F69D-4667-B8FC-F24CBFF85B0B}.Release|Any CPU.ActiveCfg = Release|Any CPU
		{BEB86606-F69D-4667-B8FC-F24CBFF85B0B}.Release|Any CPU.Build.0 = Release|Any CPU
		{2B11942D-5545-4628-B3BD-FE60DF8B2E9E}.Debug|Any CPU.ActiveCfg = Debug|Any CPU
		{2B11942D-5545-4628-B3BD-FE60DF8B2E9E}.Debug|Any CPU.Build.0 = Debug|Any CPU
		{2B11942D-5545-4628-B3BD-FE60DF8B2E9E}.Release|Any CPU.ActiveCfg = Release|Any CPU
		{2B11942D-5545-4628-B3BD-FE60DF8B2E9E}.Release|Any CPU.Build.0 = Release|Any CPU
		{FBC448E0-2E3C-47C6-A776-938D7BE65792}.Debug|Any CPU.ActiveCfg = Debug|Any CPU
		{FBC448E0-2E3C-47C6-A776-938D7BE65792}.Debug|Any CPU.Build.0 = Debug|Any CPU
		{FBC448E0-2E3C-47C6-A776-938D7BE65792}.Release|Any CPU.ActiveCfg = Release|Any CPU
		{FBC448E0-2E3C-47C6-A776-938D7BE65792}.Release|Any CPU.Build.0 = Release|Any CPU
		{8926AACB-69E8-4C04-B50D-728297267574}.Debug|Any CPU.ActiveCfg = Debug|Any CPU
		{8926AACB-69E8-4C04-B50D-728297267574}.Debug|Any CPU.Build.0 = Debug|Any CPU
		{8926AACB-69E8-4C04-B50D-728297267574}.Release|Any CPU.ActiveCfg = Release|Any CPU
		{8926AACB-69E8-4C04-B50D-728297267574}.Release|Any CPU.Build.0 = Release|Any CPU
	EndGlobalSection
	GlobalSection(SolutionProperties) = preSolution
		HideSolutionNode = FALSE
	EndGlobalSection
	GlobalSection(NestedProjects) = preSolution
		{40B49E07-D5C4-4052-8451-38144E65C426} = {8F6C2E09-ABBA-412C-8108-6B13E2835DD3}
		{E0D4FD73-AAA8-4C95-AC25-1FA1B0439E60} = {40B49E07-D5C4-4052-8451-38144E65C426}
		{1D18D66B-DE17-499E-8AB0-6693CA20C976} = {40B49E07-D5C4-4052-8451-38144E65C426}
		{8A76B868-2C42-44E6-8089-B3C3F99ED24B} = {8F6C2E09-ABBA-412C-8108-6B13E2835DD3}
		{E617E756-B5D5-43A9-A274-F0AB10810785} = {8F6C2E09-ABBA-412C-8108-6B13E2835DD3}
		{D5236E98-9D78-42E7-B056-BC9E7C01E4C4} = {8F6C2E09-ABBA-412C-8108-6B13E2835DD3}
		{D45C91A1-30E1-4669-AEBA-039681924AF0} = {D5236E98-9D78-42E7-B056-BC9E7C01E4C4}
		{7BA2202A-3B3F-434A-AB78-04ABA3E45C46} = {D5236E98-9D78-42E7-B056-BC9E7C01E4C4}
		{3A2D0307-4996-470A-9B66-187E949E2691} = {D5236E98-9D78-42E7-B056-BC9E7C01E4C4}
		{EC5CE1B0-49C3-4342-86F0-717180A4795A} = {D45C91A1-30E1-4669-AEBA-039681924AF0}
		{EAFEB6E4-EED4-4116-ABA3-11D94549A1A9} = {3A2D0307-4996-470A-9B66-187E949E2691}
		{A108F00B-15A6-467F-B4A2-54FAD9D183B5} = {E617E756-B5D5-43A9-A274-F0AB10810785}
		{BEB86606-F69D-4667-B8FC-F24CBFF85B0B} = {8A76B868-2C42-44E6-8089-B3C3F99ED24B}
		{2B11942D-5545-4628-B3BD-FE60DF8B2E9E} = {1D18D66B-DE17-499E-8AB0-6693CA20C976}
		{FBC448E0-2E3C-47C6-A776-938D7BE65792} = {E0D4FD73-AAA8-4C95-AC25-1FA1B0439E60}
		{8926AACB-69E8-4C04-B50D-728297267574} = {7BA2202A-3B3F-434A-AB78-04ABA3E45C46}
	EndGlobalSection
EndGlobal
