
Microsoft Visual Studio Solution File, Format Version 12.00
# Visual Studio Version 17
VisualStudioVersion = 17.12.35527.113 d17.12
MinimumVisualStudioVersion = 10.0.40219.1
Project("{2150E333-8FDC-42A3-9474-1A3956D46DE8}") = "BookingService", "BookingService", "{8F6C2E09-ABBA-412C-8108-6B13E2835DD3}"
EndProject
Project("{2150E333-8FDC-42A3-9474-1A3956D46DE8}") = "PaymentService", "PaymentService", "{22F23A31-6499-4379-8D9F-6A26F48BCD66}"
EndProject
Project("{2150E333-8FDC-42A3-9474-1A3956D46DE8}") = "Core", "Core", "{40B49E07-D5C4-4052-8451-38144E65C426}"
EndProject
Project("{2150E333-8FDC-42A3-9474-1A3956D46DE8}") = "Domain", "Domain", "{E0D4FD73-AAA8-4C95-AC25-1FA1B0439E60}"
EndProject
Project("{2150E333-8FDC-42A3-9474-1A3956D46DE8}") = "Application", "Application", "{1D18D66B-DE17-499E-8AB0-6693CA20C976}"
EndProject
Project("{2150E333-8FDC-42A3-9474-1A3956D46DE8}") = "Adapters", "Adapters", "{8A76B868-2C42-44E6-8089-B3C3F99ED24B}"
EndProject
Project("{2150E333-8FDC-42A3-9474-1A3956D46DE8}") = "Consumers", "Consumers", "{E617E756-B5D5-43A9-A274-F0AB10810785}"
EndProject
Project("{2150E333-8FDC-42A3-9474-1A3956D46DE8}") = "NewFolder1", "NewFolder1", "{D5236E98-9D78-42E7-B056-BC9E7C01E4C4}"
EndProject
Global
	GlobalSection(SolutionProperties) = preSolution
		HideSolutionNode = FALSE
	EndGlobalSection
	GlobalSection(NestedProjects) = preSolution
		{40B49E07-D5C4-4052-8451-38144E65C426} = {8F6C2E09-ABBA-412C-8108-6B13E2835DD3}
		{E0D4FD73-AAA8-4C95-AC25-1FA1B0439E60} = {40B49E07-D5C4-4052-8451-38144E65C426}
		{1D18D66B-DE17-499E-8AB0-6693CA20C976} = {40B49E07-D5C4-4052-8451-38144E65C426}
		{8A76B868-2C42-44E6-8089-B3C3F99ED24B} = {8F6C2E09-ABBA-412C-8108-6B13E2835DD3}
		{E617E756-B5D5-43A9-A274-F0AB10810785} = {8F6C2E09-ABBA-412C-8108-6B13E2835DD3}
		{D5236E98-9D78-42E7-B056-BC9E7C01E4C4} = {8F6C2E09-ABBA-412C-8108-6B13E2835DD3}
	EndGlobalSection
EndGlobal
